// !$*UTF8*$!
{
	archiveVersion = 1;
	classes = {
	};
	objectVersion = 50;
	objects = {

/* Begin PBXBuildFile section */
		0553D647257B0F01007BD74B /* MedicationRemindApp.swift in Sources */ = {isa = PBXBuildFile; fileRef = 0553D646257B0F01007BD74B /* MedicationRemindApp.swift */; };
		0553D649257B0F01007BD74B /* ContentView.swift in Sources */ = {isa = PBXBuildFile; fileRef = 0553D648257B0F01007BD74B /* ContentView.swift */; };
		0553D64B257B0F02007BD74B /* Assets.xcassets in Resources */ = {isa = PBXBuildFile; fileRef = 0553D64A257B0F02007BD74B /* Assets.xcassets */; };
		0553D64E257B0F02007BD74B /* Preview Assets.xcassets in Resources */ = {isa = PBXBuildFile; fileRef = 0553D64D257B0F02007BD74B /* Preview Assets.xcassets */; };
		0553D65B257B109E007BD74B /* NavigationModel.swift in Sources */ = {isa = PBXBuildFile; fileRef = 0553D65A257B109E007BD74B /* NavigationModel.swift */; };
		0553D65E257B10A5007BD74B /* ReminderModel.swift in Sources */ = {isa = PBXBuildFile; fileRef = 0553D65D257B10A5007BD74B /* ReminderModel.swift */; };
		0553D663257B1162007BD74B /* AddPillViewModel.swift in Sources */ = {isa = PBXBuildFile; fileRef = 0553D662257B1162007BD74B /* AddPillViewModel.swift */; };
		0553D666257B116B007BD74B /* PillReminderViewModel.swift in Sources */ = {isa = PBXBuildFile; fileRef = 0553D665257B116B007BD74B /* PillReminderViewModel.swift */; };
		0553D66A257B11B4007BD74B /* AddPillView.swift in Sources */ = {isa = PBXBuildFile; fileRef = 0553D669257B11B4007BD74B /* AddPillView.swift */; };
		0553D66D257B11BC007BD74B /* CommonViews.swift in Sources */ = {isa = PBXBuildFile; fileRef = 0553D66C257B11BC007BD74B /* CommonViews.swift */; };
		0553D670257B11C4007BD74B /* CustomNavigationView.swift in Sources */ = {isa = PBXBuildFile; fileRef = 0553D66F257B11C4007BD74B /* CustomNavigationView.swift */; };
		0553D673257B11CC007BD74B /* NoRemindersView.swift in Sources */ = {isa = PBXBuildFile; fileRef = 0553D672257B11CC007BD74B /* NoRemindersView.swift */; };
		0553D676257B11D4007BD74B /* RemindersListView.swift in Sources */ = {isa = PBXBuildFile; fileRef = 0553D675257B11D4007BD74B /* RemindersListView.swift */; };
		0591EDD62580490700411890 /* Localizable.strings in Resources */ = {isa = PBXBuildFile; fileRef = 0591EDD82580490700411890 /* Localizable.strings */; };
/* End PBXBuildFile section */

/* Begin PBXCopyFilesBuildPhase section */
		0553D6A2257C402D007BD74B /* Embed Watch Content */ = {
			isa = PBXCopyFilesBuildPhase;
			buildActionMask = 2147483647;
			dstPath = "$(CONTENTS_FOLDER_PATH)/Watch";
			dstSubfolderSpec = 16;
			files = (
			);
			name = "Embed Watch Content";
			runOnlyForDeploymentPostprocessing = 0;
		};
/* End PBXCopyFilesBuildPhase section */

/* Begin PBXFileReference section */
		0553D643257B0F01007BD74B /* MedicationRemind.app */ = {isa = PBXFileReference; explicitFileType = wrapper.application; includeInIndex = 0; path = MedicationRemind.app; sourceTree = BUILT_PRODUCTS_DIR; };
		0553D646257B0F01007BD74B /* MedicationRemindApp.swift */ = {isa = PBXFileReference; lastKnownFileType = sourcecode.swift; path = MedicationRemindApp.swift; sourceTree = "<group>"; };
		0553D648257B0F01007BD74B /* ContentView.swift */ = {isa = PBXFileReference; lastKnownFileType = sourcecode.swift; path = ContentView.swift; sourceTree = "<group>"; };
		0553D64A257B0F02007BD74B /* Assets.xcassets */ = {isa = PBXFileReference; lastKnownFileType = folder.assetcatalog; path = Assets.xcassets; sourceTree = "<group>"; };
		0553D64D257B0F02007BD74B /* Preview Assets.xcassets */ = {isa = PBXFileReference; lastKnownFileType = folder.assetcatalog; path = "Preview Assets.xcassets"; sourceTree = "<group>"; };
		0553D64F257B0F02007BD74B /* Info.plist */ = {isa = PBXFileReference; lastKnownFileType = text.plist.xml; path = Info.plist; sourceTree = "<group>"; };
		0553D65A257B109E007BD74B /* NavigationModel.swift */ = {isa = PBXFileReference; fileEncoding = 4; lastKnownFileType = sourcecode.swift; path = NavigationModel.swift; sourceTree = "<group>"; };
		0553D65D257B10A5007BD74B /* ReminderModel.swift */ = {isa = PBXFileReference; fileEncoding = 4; lastKnownFileType = sourcecode.swift; path = ReminderModel.swift; sourceTree = "<group>"; };
		0553D662257B1162007BD74B /* AddPillViewModel.swift */ = {isa = PBXFileReference; fileEncoding = 4; lastKnownFileType = sourcecode.swift; path = AddPillViewModel.swift; sourceTree = "<group>"; };
		0553D665257B116B007BD74B /* PillReminderViewModel.swift */ = {isa = PBXFileReference; fileEncoding = 4; lastKnownFileType = sourcecode.swift; path = PillReminderViewModel.swift; sourceTree = "<group>"; };
		0553D669257B11B4007BD74B /* AddPillView.swift */ = {isa = PBXFileReference; fileEncoding = 4; lastKnownFileType = sourcecode.swift; path = AddPillView.swift; sourceTree = "<group>"; };
		0553D66C257B11BC007BD74B /* CommonViews.swift */ = {isa = PBXFileReference; fileEncoding = 4; lastKnownFileType = sourcecode.swift; path = CommonViews.swift; sourceTree = "<group>"; };
		0553D66F257B11C4007BD74B /* CustomNavigationView.swift */ = {isa = PBXFileReference; fileEncoding = 4; lastKnownFileType = sourcecode.swift; path = CustomNavigationView.swift; sourceTree = "<group>"; };
		0553D672257B11CC007BD74B /* NoRemindersView.swift */ = {isa = PBXFileReference; fileEncoding = 4; lastKnownFileType = sourcecode.swift; path = NoRemindersView.swift; sourceTree = "<group>"; };
		0553D675257B11D4007BD74B /* RemindersListView.swift */ = {isa = PBXFileReference; fileEncoding = 4; lastKnownFileType = sourcecode.swift; path = RemindersListView.swift; sourceTree = "<group>"; };
		0591EDD72580490700411890 /* en */ = {isa = PBXFileReference; lastKnownFileType = text.plist.strings; name = en; path = en.lproj/Localizable.strings; sourceTree = "<group>"; };
		0591EDDA25804E9C00411890 /* es-419 */ = {isa = PBXFileReference; lastKnownFileType = text.plist.strings; name = "es-419"; path = "es-419.lproj/Localizable.strings"; sourceTree = "<group>"; };
/* End PBXFileReference section */

/* Begin PBXFrameworksBuildPhase section */
		0553D640257B0F01007BD74B /* Frameworks */ = {
			isa = PBXFrameworksBuildPhase;
			buildActionMask = 2147483647;
			files = (
			);
			runOnlyForDeploymentPostprocessing = 0;
		};
/* End PBXFrameworksBuildPhase section */

/* Begin PBXGroup section */
		0553D63A257B0F01007BD74B = {
			isa = PBXGroup;
			children = (
				0553D645257B0F01007BD74B /* MedicationRemind */,
				0553D644257B0F01007BD74B /* Products */,
			);
			sourceTree = "<group>";
		};
		0553D644257B0F01007BD74B /* Products */ = {
			isa = PBXGroup;
			children = (
				0553D643257B0F01007BD74B /* MedicationRemind.app */,
			);
			name = Products;
			sourceTree = "<group>";
		};
		0553D645257B0F01007BD74B /* MedicationRemind */ = {
			isa = PBXGroup;
			children = (
				0553D668257B11A2007BD74B /* Views */,
				0553D661257B114C007BD74B /* ViewModels */,
				0553D660257B10E1007BD74B /* Models */,
				0553D646257B0F01007BD74B /* MedicationRemindApp.swift */,
				0553D648257B0F01007BD74B /* ContentView.swift */,
				0553D64A257B0F02007BD74B /* Assets.xcassets */,
				0553D64F257B0F02007BD74B /* Info.plist */,
				0553D64C257B0F02007BD74B /* Preview Content */,
				0591EDD82580490700411890 /* Localizable.strings */,
			);
			path = MedicationRemind;
			sourceTree = "<group>";
		};
		0553D64C257B0F02007BD74B /* Preview Content */ = {
			isa = PBXGroup;
			children = (
				0553D64D257B0F02007BD74B /* Preview Assets.xcassets */,
			);
			path = "Preview Content";
			sourceTree = "<group>";
		};
		0553D660257B10E1007BD74B /* Models */ = {
			isa = PBXGroup;
			children = (
				0553D65D257B10A5007BD74B /* ReminderModel.swift */,
				0553D65A257B109E007BD74B /* NavigationModel.swift */,
			);
			path = Models;
			sourceTree = "<group>";
		};
		0553D661257B114C007BD74B /* ViewModels */ = {
			isa = PBXGroup;
			children = (
				0553D665257B116B007BD74B /* PillReminderViewModel.swift */,
				0553D662257B1162007BD74B /* AddPillViewModel.swift */,
			);
			path = ViewModels;
			sourceTree = "<group>";
		};
		0553D668257B11A2007BD74B /* Views */ = {
			isa = PBXGroup;
			children = (
				0553D675257B11D4007BD74B /* RemindersListView.swift */,
				0553D672257B11CC007BD74B /* NoRemindersView.swift */,
				0553D66F257B11C4007BD74B /* CustomNavigationView.swift */,
				0553D66C257B11BC007BD74B /* CommonViews.swift */,
				0553D669257B11B4007BD74B /* AddPillView.swift */,
			);
			path = Views;
			sourceTree = "<group>";
		};
/* End PBXGroup section */

/* Begin PBXNativeTarget section */
		0553D642257B0F01007BD74B /* MedicationRemind */ = {
			isa = PBXNativeTarget;
			buildConfigurationList = 0553D652257B0F02007BD74B /* Build configuration list for PBXNativeTarget "MedicationRemind" */;
			buildPhases = (
				0553D63F257B0F01007BD74B /* Sources */,
				0553D640257B0F01007BD74B /* Frameworks */,
				0553D641257B0F01007BD74B /* Resources */,
				0553D6A2257C402D007BD74B /* Embed Watch Content */,
			);
			buildRules = (
			);
			dependencies = (
			);
			name = MedicationRemind;
			productName = MedicationRemind;
			productReference = 0553D643257B0F01007BD74B /* MedicationRemind.app */;
			productType = "com.apple.product-type.application";
		};
/* End PBXNativeTarget section */

/* Begin PBXProject section */
		0553D63B257B0F01007BD74B /* Project object */ = {
			isa = PBXProject;
			attributes = {
				LastSwiftUpdateCheck = 1230;
				LastUpgradeCheck = 1230;
				TargetAttributes = {
					0553D642257B0F01007BD74B = {
						CreatedOnToolsVersion = 12.3;
					};
				};
			};
			buildConfigurationList = 0553D63E257B0F01007BD74B /* Build configuration list for PBXProject "MedicationRemind" */;
			compatibilityVersion = "Xcode 9.3";
			developmentRegion = en;
			hasScannedForEncodings = 0;
			knownRegions = (
				en,
				Base,
				"es-419",
			);
			mainGroup = 0553D63A257B0F01007BD74B;
			productRefGroup = 0553D644257B0F01007BD74B /* Products */;
			projectDirPath = "";
			projectRoot = "";
			targets = (
				0553D642257B0F01007BD74B /* MedicationRemind */,
			);
		};
/* End PBXProject section */

/* Begin PBXResourcesBuildPhase section */
		0553D641257B0F01007BD74B /* Resources */ = {
			isa = PBXResourcesBuildPhase;
			buildActionMask = 2147483647;
			files = (
				0553D64E257B0F02007BD74B /* Preview Assets.xcassets in Resources */,
				0591EDD62580490700411890 /* Localizable.strings in Resources */,
				0553D64B257B0F02007BD74B /* Assets.xcassets in Resources */,
			);
			runOnlyForDeploymentPostprocessing = 0;
		};
/* End PBXResourcesBuildPhase section */

/* Begin PBXSourcesBuildPhase section */
		0553D63F257B0F01007BD74B /* Sources */ = {
			isa = PBXSourcesBuildPhase;
			buildActionMask = 2147483647;
			files = (
				0553D649257B0F01007BD74B /* ContentView.swift in Sources */,
				0553D65E257B10A5007BD74B /* ReminderModel.swift in Sources */,
				0553D647257B0F01007BD74B /* MedicationRemindApp.swift in Sources */,
				0553D670257B11C4007BD74B /* CustomNavigationView.swift in Sources */,
				0553D66D257B11BC007BD74B /* CommonViews.swift in Sources */,
				0553D666257B116B007BD74B /* PillReminderViewModel.swift in Sources */,
				0553D676257B11D4007BD74B /* RemindersListView.swift in Sources */,
				0553D65B257B109E007BD74B /* NavigationModel.swift in Sources */,
				0553D663257B1162007BD74B /* AddPillViewModel.swift in Sources */,
				0553D66A257B11B4007BD74B /* AddPillView.swift in Sources */,
				0553D673257B11CC007BD74B /* NoRemindersView.swift in Sources */,
			);
			runOnlyForDeploymentPostprocessing = 0;
		};
/* End PBXSourcesBuildPhase section */

/* Begin PBXVariantGroup section */
		0591EDD82580490700411890 /* Localizable.strings */ = {
			isa = PBXVariantGroup;
			children = (
				0591EDD72580490700411890 /* en */,
				0591EDDA25804E9C00411890 /* es-419 */,
			);
			name = Localizable.strings;
			path = MedicationRemind;
			sourceTree = SOURCE_ROOT;
		};
/* End PBXVariantGroup section */

/* Begin XCBuildConfiguration section */
		0553D650257B0F02007BD74B /* Debug */ = {
			isa = XCBuildConfiguration;
			buildSettings = {
				ALWAYS_SEARCH_USER_PATHS = NO;
				CLANG_ANALYZER_LOCALIZABILITY_NONLOCALIZED = YES;
				CLANG_ANALYZER_NONNULL = YES;
				CLANG_ANALYZER_NUMBER_OBJECT_CONVERSION = YES_AGGRESSIVE;
				CLANG_CXX_LANGUAGE_STANDARD = "gnu++14";
				CLANG_CXX_LIBRARY = "libc++";
				CLANG_ENABLE_MODULES = YES;
				CLANG_ENABLE_OBJC_ARC = YES;
				CLANG_ENABLE_OBJC_WEAK = YES;
				CLANG_WARN_BLOCK_CAPTURE_AUTORELEASING = YES;
				CLANG_WARN_BOOL_CONVERSION = YES;
				CLANG_WARN_COMMA = YES;
				CLANG_WARN_CONSTANT_CONVERSION = YES;
				CLANG_WARN_DEPRECATED_OBJC_IMPLEMENTATIONS = YES;
				CLANG_WARN_DIRECT_OBJC_ISA_USAGE = YES_ERROR;
				CLANG_WARN_DOCUMENTATION_COMMENTS = YES;
				CLANG_WARN_EMPTY_BODY = YES;
				CLANG_WARN_ENUM_CONVERSION = YES;
				CLANG_WARN_INFINITE_RECURSION = YES;
				CLANG_WARN_INT_CONVERSION = YES;
				CLANG_WARN_NON_LITERAL_NULL_CONVERSION = YES;
				CLANG_WARN_OBJC_IMPLICIT_RETAIN_SELF = YES;
				CLANG_WARN_OBJC_LITERAL_CONVERSION = YES;
				CLANG_WARN_OBJC_ROOT_CLASS = YES_ERROR;
				CLANG_WARN_QUOTED_INCLUDE_IN_FRAMEWORK_HEADER = YES;
				CLANG_WARN_RANGE_LOOP_ANALYSIS = YES;
				CLANG_WARN_STRICT_PROTOTYPES = YES;
				CLANG_WARN_SUSPICIOUS_MOVE = YES;
				CLANG_WARN_UNGUARDED_AVAILABILITY = YES_AGGRESSIVE;
				CLANG_WARN_UNREACHABLE_CODE = YES;
				CLANG_WARN__DUPLICATE_METHOD_MATCH = YES;
				COPY_PHASE_STRIP = NO;
				DEBUG_INFORMATION_FORMAT = dwarf;
				ENABLE_STRICT_OBJC_MSGSEND = YES;
				ENABLE_TESTABILITY = YES;
				GCC_C_LANGUAGE_STANDARD = gnu11;
				GCC_DYNAMIC_NO_PIC = NO;
				GCC_NO_COMMON_BLOCKS = YES;
				GCC_OPTIMIZATION_LEVEL = 0;
				GCC_PREPROCESSOR_DEFINITIONS = (
					"DEBUG=1",
					"$(inherited)",
				);
				GCC_WARN_64_TO_32_BIT_CONVERSION = YES;
				GCC_WARN_ABOUT_RETURN_TYPE = YES_ERROR;
				GCC_WARN_UNDECLARED_SELECTOR = YES;
				GCC_WARN_UNINITIALIZED_AUTOS = YES_AGGRESSIVE;
				GCC_WARN_UNUSED_FUNCTION = YES;
				GCC_WARN_UNUSED_VARIABLE = YES;
				IPHONEOS_DEPLOYMENT_TARGET = 14.1;
				MTL_ENABLE_DEBUG_INFO = INCLUDE_SOURCE;
				MTL_FAST_MATH = YES;
				ONLY_ACTIVE_ARCH = YES;
				SDKROOT = iphoneos;
				SWIFT_ACTIVE_COMPILATION_CONDITIONS = DEBUG;
				SWIFT_OPTIMIZATION_LEVEL = "-Onone";
			};
			name = Debug;
		};
		0553D651257B0F02007BD74B /* Release */ = {
			isa = XCBuildConfiguration;
			buildSettings = {
				ALWAYS_SEARCH_USER_PATHS = NO;
				CLANG_ANALYZER_LOCALIZABILITY_NONLOCALIZED = YES;
				CLANG_ANALYZER_NONNULL = YES;
				CLANG_ANALYZER_NUMBER_OBJECT_CONVERSION = YES_AGGRESSIVE;
				CLANG_CXX_LANGUAGE_STANDARD = "gnu++14";
				CLANG_CXX_LIBRARY = "libc++";
				CLANG_ENABLE_MODULES = YES;
				CLANG_ENABLE_OBJC_ARC = YES;
				CLANG_ENABLE_OBJC_WEAK = YES;
				CLANG_WARN_BLOCK_CAPTURE_AUTORELEASING = YES;
				CLANG_WARN_BOOL_CONVERSION = YES;
				CLANG_WARN_COMMA = YES;
				CLANG_WARN_CONSTANT_CONVERSION = YES;
				CLANG_WARN_DEPRECATED_OBJC_IMPLEMENTATIONS = YES;
				CLANG_WARN_DIRECT_OBJC_ISA_USAGE = YES_ERROR;
				CLANG_WARN_DOCUMENTATION_COMMENTS = YES;
				CLANG_WARN_EMPTY_BODY = YES;
				CLANG_WARN_ENUM_CONVERSION = YES;
				CLANG_WARN_INFINITE_RECURSION = YES;
				CLANG_WARN_INT_CONVERSION = YES;
				CLANG_WARN_NON_LITERAL_NULL_CONVERSION = YES;
				CLANG_WARN_OBJC_IMPLICIT_RETAIN_SELF = YES;
				CLANG_WARN_OBJC_LITERAL_CONVERSION = YES;
				CLANG_WARN_OBJC_ROOT_CLASS = YES_ERROR;
				CLANG_WARN_QUOTED_INCLUDE_IN_FRAMEWORK_HEADER = YES;
				CLANG_WARN_RANGE_LOOP_ANALYSIS = YES;
				CLANG_WARN_STRICT_PROTOTYPES = YES;
				CLANG_WARN_SUSPICIOUS_MOVE = YES;
				CLANG_WARN_UNGUARDED_AVAILABILITY = YES_AGGRESSIVE;
				CLANG_WARN_UNREACHABLE_CODE = YES;
				CLANG_WARN__DUPLICATE_METHOD_MATCH = YES;
				COPY_PHASE_STRIP = NO;
				DEBUG_INFORMATION_FORMAT = "dwarf-with-dsym";
				ENABLE_NS_ASSERTIONS = NO;
				ENABLE_STRICT_OBJC_MSGSEND = YES;
				GCC_C_LANGUAGE_STANDARD = gnu11;
				GCC_NO_COMMON_BLOCKS = YES;
				GCC_WARN_64_TO_32_BIT_CONVERSION = YES;
				GCC_WARN_ABOUT_RETURN_TYPE = YES_ERROR;
				GCC_WARN_UNDECLARED_SELECTOR = YES;
				GCC_WARN_UNINITIALIZED_AUTOS = YES_AGGRESSIVE;
				GCC_WARN_UNUSED_FUNCTION = YES;
				GCC_WARN_UNUSED_VARIABLE = YES;
				IPHONEOS_DEPLOYMENT_TARGET = 14.1;
				MTL_ENABLE_DEBUG_INFO = NO;
				MTL_FAST_MATH = YES;
				SDKROOT = iphoneos;
				SWIFT_COMPILATION_MODE = wholemodule;
				SWIFT_OPTIMIZATION_LEVEL = "-O";
				VALIDATE_PRODUCT = YES;
			};
			name = Release;
		};
		0553D653257B0F02007BD74B /* Debug */ = {
			isa = XCBuildConfiguration;
			buildSettings = {
				ASSETCATALOG_COMPILER_APPICON_NAME = AppIcon;
				ASSETCATALOG_COMPILER_GLOBAL_ACCENT_COLOR_NAME = AccentColor;
				CODE_SIGN_STYLE = Automatic;
				DEVELOPMENT_ASSET_PATHS = "\"MedicationRemind/Preview Content\"";
				DEVELOPMENT_TEAM = 6C7TWR6BW7;
				ENABLE_PREVIEWS = YES;
				INFOPLIST_FILE = MedicationRemind/Info.plist;
				IPHONEOS_DEPLOYMENT_TARGET = 14.1;
				LD_RUNPATH_SEARCH_PATHS = (
					"$(inherited)",
					"@executable_path/Frameworks",
				);
				PRODUCT_BUNDLE_IDENTIFIER = "com.semajttocs-icloud.MedicationRemind";
				PRODUCT_NAME = "$(TARGET_NAME)";
				SWIFT_VERSION = 5.0;
				TARGETED_DEVICE_FAMILY = "1,2";
			};
			name = Debug;
		};
		0553D654257B0F02007BD74B /* Release */ = {
			isa = XCBuildConfiguration;
			buildSettings = {
				ASSETCATALOG_COMPILER_APPICON_NAME = AppIcon;
				ASSETCATALOG_COMPILER_GLOBAL_ACCENT_COLOR_NAME = AccentColor;
				CODE_SIGN_STYLE = Automatic;
				DEVELOPMENT_ASSET_PATHS = "\"MedicationRemind/Preview Content\"";
				DEVELOPMENT_TEAM = 6C7TWR6BW7;
				ENABLE_PREVIEWS = YES;
				INFOPLIST_FILE = MedicationRemind/Info.plist;
				IPHONEOS_DEPLOYMENT_TARGET = 14.1;
				LD_RUNPATH_SEARCH_PATHS = (
					"$(inherited)",
					"@executable_path/Frameworks",
				);
				PRODUCT_BUNDLE_IDENTIFIER = "com.semajttocs-icloud.MedicationRemind";
				PRODUCT_NAME = "$(TARGET_NAME)";
				SWIFT_VERSION = 5.0;
				TARGETED_DEVICE_FAMILY = "1,2";
			};
			name = Release;
		};
/* End XCBuildConfiguration section */

/* Begin XCConfigurationList section */
		0553D63E257B0F01007BD74B /* Build configuration list for PBXProject "MedicationRemind" */ = {
			isa = XCConfigurationList;
			buildConfigurations = (
				0553D650257B0F02007BD74B /* Debug */,
				0553D651257B0F02007BD74B /* Release */,
			);
			defaultConfigurationIsVisible = 0;
			defaultConfigurationName = Release;
		};
		0553D652257B0F02007BD74B /* Build configuration list for PBXNativeTarget "MedicationRemind" */ = {
			isa = XCConfigurationList;
			buildConfigurations = (
				0553D653257B0F02007BD74B /* Debug */,
				0553D654257B0F02007BD74B /* Release */,
			);
			defaultConfigurationIsVisible = 0;
			defaultConfigurationName = Release;
		};
/* End XCConfigurationList section */
	};
	rootObject = 0553D63B257B0F01007BD74B /* Project object */;
}
